
Microsoft Visual Studio Solution File, Format Version 12.00
# Visual Studio 15
VisualStudioVersion = 15.0.28307.779
MinimumVisualStudioVersion = 10.0.40219.1
Project("{8BC9CEB8-8B4A-11D0-8D11-00A0C91BC942}") = "A122", "26.02.2020 №2\26.02.2020 №2.vcxproj", "{C6B75A80-7541-4759-8F47-323CA773A560}"
EndProject
Project("{2150E333-8FDC-42A3-9474-1A3956D46DE8}") = "Solution Items", "Solution Items", "{CDB7A87B-4379-4544-B2B9-B356600E2EF8}"
	ProjectSection(SolutionItems) = preProject
		A122\A122.vcxproj = A122\A122.vcxproj
	EndProjectSection
EndProject
Global
	GlobalSection(SolutionConfigurationPlatforms) = preSolution
		Debug|x64 = Debug|x64
		Debug|x86 = Debug|x86
		Release|x64 = Release|x64
		Release|x86 = Release|x86
	EndGlobalSection
	GlobalSection(ProjectConfigurationPlatforms) = postSolution
		{C6B75A80-7541-4759-8F47-323CA773A560}.Debug|x64.ActiveCfg = Debug|x64
		{C6B75A80-7541-4759-8F47-323CA773A560}.Debug|x64.Build.0 = Debug|x64
		{C6B75A80-7541-4759-8F47-323CA773A560}.Debug|x86.ActiveCfg = Debug|Win32
		{C6B75A80-7541-4759-8F47-323CA773A560}.Debug|x86.Build.0 = Debug|Win32
		{C6B75A80-7541-4759-8F47-323CA773A560}.Release|x64.ActiveCfg = Release|x64
		{C6B75A80-7541-4759-8F47-323CA773A560}.Release|x64.Build.0 = Release|x64
		{C6B75A80-7541-4759-8F47-323CA773A560}.Release|x86.ActiveCfg = Release|Win32
		{C6B75A80-7541-4759-8F47-323CA773A560}.Release|x86.Build.0 = Release|Win32
	EndGlobalSection
	GlobalSection(SolutionProperties) = preSolution
		HideSolutionNode = FALSE
	EndGlobalSection
	GlobalSection(ExtensibilityGlobals) = postSolution
		SolutionGuid = {E30AE3D3-F8A3-47BC-B6CF-6231F161E407}
	EndGlobalSection
EndGlobal
